// !$*UTF8*$!
{
	archiveVersion = 1;
	classes = {
	};
	objectVersion = 56;
	objects = {

/* Begin PBXBuildFile section */
		364F962F2E2BEBBA00E45A31 /* SplashScreenView.swift in Sources */ = {isa = PBXBuildFile; fileRef = 364F962E2E2BEBB300E45A31 /* SplashScreenView.swift */; };
		36503D1B2E2E846500AAE12F /* FastestAttendanceResponse.swift in Sources */ = {isa = PBXBuildFile; fileRef = 36503D1A2E2E845900AAE12F /* FastestAttendanceResponse.swift */; };
		36503D1D2E2E859700AAE12F /* FastestAttendanceUIModel.swift in Sources */ = {isa = PBXBuildFile; fileRef = 36503D1C2E2E858A00AAE12F /* FastestAttendanceUIModel.swift */; };
		36503D1F2E2E8C9100AAE12F /* LatestAttendanceResponse.swift in Sources */ = {isa = PBXBuildFile; fileRef = 36503D1E2E2E8C8900AAE12F /* LatestAttendanceResponse.swift */; };
		36503D212E2E8FC900AAE12F /* LatestAttendanceUIModel.swift in Sources */ = {isa = PBXBuildFile; fileRef = 36503D202E2E8FC100AAE12F /* LatestAttendanceUIModel.swift */; };
		367341142E232A9D0096C220 /* DetailProfileView.swift in Sources */ = {isa = PBXBuildFile; fileRef = 367341132E232A990096C220 /* DetailProfileView.swift */; };
		367341162E24E2DB0096C220 /* ForgotPasswordViewModel.swift in Sources */ = {isa = PBXBuildFile; fileRef = 367341152E24E2D50096C220 /* ForgotPasswordViewModel.swift */; };
		367341182E24E3EB0096C220 /* OTPResonse.swift in Sources */ = {isa = PBXBuildFile; fileRef = 367341172E24E3E80096C220 /* OTPResonse.swift */; };
		3673411C2E24E4A10096C220 /* OTPVerificationResponse.swift in Sources */ = {isa = PBXBuildFile; fileRef = 3673411B2E24E4900096C220 /* OTPVerificationResponse.swift */; };
		3673411F2E24E6A30096C220 /* EmailOTPUIModel.swift in Sources */ = {isa = PBXBuildFile; fileRef = 3673411E2E24E6990096C220 /* EmailOTPUIModel.swift */; };
		3673413A2E24EBD60096C220 /* AuthRouter.swift in Sources */ = {isa = PBXBuildFile; fileRef = 367341392E24EBD30096C220 /* AuthRouter.swift */; };
		3673413C2E251ECD0096C220 /* InputOTPViewModel.swift in Sources */ = {isa = PBXBuildFile; fileRef = 3673413B2E251EC90096C220 /* InputOTPViewModel.swift */; };
		3673413E2E2546D60096C220 /* InputNewPasswordViewModel.swift in Sources */ = {isa = PBXBuildFile; fileRef = 3673413D2E2546D40096C220 /* InputNewPasswordViewModel.swift */; };
		367341402E2548350096C220 /* ResetPasswordResponse.swift in Sources */ = {isa = PBXBuildFile; fileRef = 3673413F2E25482E0096C220 /* ResetPasswordResponse.swift */; };
		367341422E2549010096C220 /* ResetPasswordUIModel.swift in Sources */ = {isa = PBXBuildFile; fileRef = 367341412E2548FB0096C220 /* ResetPasswordUIModel.swift */; };
		367341442E254B4A0096C220 /* VerifyOTPUIModel.swift in Sources */ = {isa = PBXBuildFile; fileRef = 367341432E254B440096C220 /* VerifyOTPUIModel.swift */; };
		3681A6E52E31F3100012646D /* EditProfileView.swift in Sources */ = {isa = PBXBuildFile; fileRef = 3681A6E42E31F30C0012646D /* EditProfileView.swift */; };
		3681A6E72E320D860012646D /* EditProfileViewModel.swift in Sources */ = {isa = PBXBuildFile; fileRef = 3681A6E62E320D810012646D /* EditProfileViewModel.swift */; };
		3681A6E92E3213A50012646D /* EditProfileResponse.swift in Sources */ = {isa = PBXBuildFile; fileRef = 3681A6E82E32139F0012646D /* EditProfileResponse.swift */; };
		3681A6EC2E3214890012646D /* EditProfileUIModel.swift in Sources */ = {isa = PBXBuildFile; fileRef = 3681A6EB2E3214830012646D /* EditProfileUIModel.swift */; };
		C904236B2DDEE5B50073976D /* AttendanceInfoItemView.swift in Sources */ = {isa = PBXBuildFile; fileRef = C904236A2DDEE5B50073976D /* AttendanceInfoItemView.swift */; };
		C904236D2DDF110C0073976D /* InputOTPView.swift in Sources */ = {isa = PBXBuildFile; fileRef = C904236C2DDF110C0073976D /* InputOTPView.swift */; };
		C904236F2DDF14900073976D /* InputNewPasswordView.swift in Sources */ = {isa = PBXBuildFile; fileRef = C904236E2DDF14900073976D /* InputNewPasswordView.swift */; };
		C90574302DD451C10061EEF0 /* MainTabView.swift in Sources */ = {isa = PBXBuildFile; fileRef = C905742F2DD451C10061EEF0 /* MainTabView.swift */; };
		C90574322DD456650061EEF0 /* HomeView.swift in Sources */ = {isa = PBXBuildFile; fileRef = C90574312DD456650061EEF0 /* HomeView.swift */; };
		C90574372DD481240061EEF0 /* ContactView.swift in Sources */ = {isa = PBXBuildFile; fileRef = C90574362DD481240061EEF0 /* ContactView.swift */; };
		C90574392DD481390061EEF0 /* ProfileView.swift in Sources */ = {isa = PBXBuildFile; fileRef = C90574382DD481390061EEF0 /* ProfileView.swift */; };
		C905743B2DD481520061EEF0 /* MyLeaveView.swift in Sources */ = {isa = PBXBuildFile; fileRef = C905743A2DD481520061EEF0 /* MyLeaveView.swift */; };
		C905748F2DD491FD0061EEF0 /* Color+Extension.swift in Sources */ = {isa = PBXBuildFile; fileRef = C905748E2DD491FD0061EEF0 /* Color+Extension.swift */; };
		C90574912DD498A70061EEF0 /* HomeSummaryCardView.swift in Sources */ = {isa = PBXBuildFile; fileRef = C90574902DD498A70061EEF0 /* HomeSummaryCardView.swift */; };
		C90574932DD4A6BD0061EEF0 /* DashboardFeatureItemView.swift in Sources */ = {isa = PBXBuildFile; fileRef = C90574922DD4A6BD0061EEF0 /* DashboardFeatureItemView.swift */; };
		C91B8AF62DDC68F4004C25BC /* PrimaryButton.swift in Sources */ = {isa = PBXBuildFile; fileRef = C91B8AF52DDC68F4004C25BC /* PrimaryButton.swift */; };
		C91B8AF82DDC796C004C25BC /* LiveAttendanceViewModel.swift in Sources */ = {isa = PBXBuildFile; fileRef = C91B8AF72DDC796C004C25BC /* LiveAttendanceViewModel.swift */; };
		C91B8AFB2DDC8748004C25BC /* LoginView.swift in Sources */ = {isa = PBXBuildFile; fileRef = C91B8AFA2DDC8748004C25BC /* LoginView.swift */; };
		C91F77012E040B6E00BB235C /* ProfileViewModel.swift in Sources */ = {isa = PBXBuildFile; fileRef = C91F77002E040B6E00BB235C /* ProfileViewModel.swift */; };
		C91F77032E040CF200BB235C /* LoginState.swift in Sources */ = {isa = PBXBuildFile; fileRef = C91F77022E040CF200BB235C /* LoginState.swift */; };
		C962BA6F2DDDC99C00DED8DA /* BackButtonViewModifier.swift in Sources */ = {isa = PBXBuildFile; fileRef = C962BA6E2DDDC99C00DED8DA /* BackButtonViewModifier.swift */; };
		C96373D32DDAF0A000807E47 /* PopUpInformationView.swift in Sources */ = {isa = PBXBuildFile; fileRef = C96373D22DDAF0A000807E47 /* PopUpInformationView.swift */; };
		C96373D52DDB106000807E47 /* LiveAttendanceView.swift in Sources */ = {isa = PBXBuildFile; fileRef = C96373D42DDB106000807E47 /* LiveAttendanceView.swift */; };
		C96373D92DDB2AD000807E47 /* NavigationState.swift in Sources */ = {isa = PBXBuildFile; fileRef = C96373D82DDB2AD000807E47 /* NavigationState.swift */; };
		C96373DB2DDB2B6E00807E47 /* FullScreenRouterView.swift in Sources */ = {isa = PBXBuildFile; fileRef = C96373DA2DDB2B6E00807E47 /* FullScreenRouterView.swift */; };
		C97185D32DD5F3A2004A1F7A /* SectionHeaderView.swift in Sources */ = {isa = PBXBuildFile; fileRef = C97185D22DD5F3A2004A1F7A /* SectionHeaderView.swift */; };
		C97185D52DD5F505004A1F7A /* TimeOffRequestCardView.swift in Sources */ = {isa = PBXBuildFile; fileRef = C97185D42DD5F505004A1F7A /* TimeOffRequestCardView.swift */; };
		C98C09D72DE45A33000D6E8B /* ConfirmPasswordField.swift in Sources */ = {isa = PBXBuildFile; fileRef = C98C09D62DE45A33000D6E8B /* ConfirmPasswordField.swift */; };
		C98C09D92DE462FF000D6E8B /* InputEmailField.swift in Sources */ = {isa = PBXBuildFile; fileRef = C98C09D82DE462FF000D6E8B /* InputEmailField.swift */; };
		C98C09DB2DE8A938000D6E8B /* OTPTextFieldRepresentable.swift in Sources */ = {isa = PBXBuildFile; fileRef = C98C09DA2DE8A938000D6E8B /* OTPTextFieldRepresentable.swift */; };
		C98C09DE2DE8CB99000D6E8B /* LocationManager.swift in Sources */ = {isa = PBXBuildFile; fileRef = C98C09DD2DE8CB99000D6E8B /* LocationManager.swift */; };
		C98C09E02DE8CC70000D6E8B /* HomeViewModel.swift in Sources */ = {isa = PBXBuildFile; fileRef = C98C09DF2DE8CC70000D6E8B /* HomeViewModel.swift */; };
		C98C09E22DE8D715000D6E8B /* Date+Extension.swift in Sources */ = {isa = PBXBuildFile; fileRef = C98C09E12DE8D715000D6E8B /* Date+Extension.swift */; };
		C98C09E52DE96D2F000D6E8B /* Alamofire in Frameworks */ = {isa = PBXBuildFile; productRef = C98C09E42DE96D2F000D6E8B /* Alamofire */; };
		C98C09E72DE96D69000D6E8B /* ApiManager.swift in Sources */ = {isa = PBXBuildFile; fileRef = C98C09E62DE96D69000D6E8B /* ApiManager.swift */; };
		C98EA7C52DDA05F300B29EE3 /* AttendanceHistoryView.swift in Sources */ = {isa = PBXBuildFile; fileRef = C98EA7C42DDA05F300B29EE3 /* AttendanceHistoryView.swift */; };
		C9AACBE82DEFFBD600D0F99D /* AttendanceHistoryViewModel.swift in Sources */ = {isa = PBXBuildFile; fileRef = C9AACBE72DEFFBD600D0F99D /* AttendanceHistoryViewModel.swift */; };
		C9AACBEA2DF01D9800D0F99D /* AttendanceHistoryDisplayModel.swift in Sources */ = {isa = PBXBuildFile; fileRef = C9AACBE92DF01D9800D0F99D /* AttendanceHistoryDisplayModel.swift */; };
		C9AACBEC2DF031EA00D0F99D /* FilterAttendanceDateView.swift in Sources */ = {isa = PBXBuildFile; fileRef = C9AACBEB2DF031EA00D0F99D /* FilterAttendanceDateView.swift */; };
		C9AACBEE2DF032F400D0F99D /* CalendarView.swift in Sources */ = {isa = PBXBuildFile; fileRef = C9AACBED2DF032F400D0F99D /* CalendarView.swift */; };
		C9AACBF22DF0517800D0F99D /* CheckInRequest.swift in Sources */ = {isa = PBXBuildFile; fileRef = C9AACBF12DF0517800D0F99D /* CheckInRequest.swift */; };
		C9AACBF62DF1703700D0F99D /* AttendanceSummaryItem.swift in Sources */ = {isa = PBXBuildFile; fileRef = C9AACBF52DF1703700D0F99D /* AttendanceSummaryItem.swift */; };
		C9AACBF82DF17C3600D0F99D /* ImagePicker.swift in Sources */ = {isa = PBXBuildFile; fileRef = C9AACBF72DF17C3600D0F99D /* ImagePicker.swift */; };
		C9B27C2D2DF81C0A0022181B /* AttendanceOverviewResponse.swift in Sources */ = {isa = PBXBuildFile; fileRef = C9B27C2C2DF81C0A0022181B /* AttendanceOverviewResponse.swift */; };
		C9B27C302DF81EF10022181B /* AttendanceOverviewUIModel.swift in Sources */ = {isa = PBXBuildFile; fileRef = C9B27C2F2DF81EF10022181B /* AttendanceOverviewUIModel.swift */; };
		C9B27C322DF82A3A0022181B /* PopUpInformationType.swift in Sources */ = {isa = PBXBuildFile; fileRef = C9B27C312DF82A3A0022181B /* PopUpInformationType.swift */; };
		C9B861D82DEEA030001DE2B5 /* CheckinResponse.swift in Sources */ = {isa = PBXBuildFile; fileRef = C9B861D72DEEA030001DE2B5 /* CheckinResponse.swift */; };
		C9B861DA2DEEB35C001DE2B5 /* AttendanceApi.swift in Sources */ = {isa = PBXBuildFile; fileRef = C9B861D92DEEB35C001DE2B5 /* AttendanceApi.swift */; };
		C9B861DC2DEEB6C8001DE2B5 /* Encodable+Extension.swift in Sources */ = {isa = PBXBuildFile; fileRef = C9B861DB2DEEB6C8001DE2B5 /* Encodable+Extension.swift */; };
		C9B861DE2DEEE336001DE2B5 /* AttendanceHistoryResponse.swift in Sources */ = {isa = PBXBuildFile; fileRef = C9B861DD2DEEE336001DE2B5 /* AttendanceHistoryResponse.swift */; };
		C9B861E02DEEE975001DE2B5 /* String+Extension.swift in Sources */ = {isa = PBXBuildFile; fileRef = C9B861DF2DEEE975001DE2B5 /* String+Extension.swift */; };
		C9B8DECA2CA51293006F4B66 /* InfiniteTrackApp.swift in Sources */ = {isa = PBXBuildFile; fileRef = C9B8DEC92CA51293006F4B66 /* InfiniteTrackApp.swift */; };
		C9B8DECC2CA51293006F4B66 /* ContentView.swift in Sources */ = {isa = PBXBuildFile; fileRef = C9B8DECB2CA51293006F4B66 /* ContentView.swift */; };
		C9B8DECE2CA51294006F4B66 /* Assets.xcassets in Resources */ = {isa = PBXBuildFile; fileRef = C9B8DECD2CA51294006F4B66 /* Assets.xcassets */; };
		C9B8DED12CA51294006F4B66 /* Preview Assets.xcassets in Resources */ = {isa = PBXBuildFile; fileRef = C9B8DED02CA51294006F4B66 /* Preview Assets.xcassets */; };
		C9CB06F32DED535000479F2C /* LoginResponse.swift in Sources */ = {isa = PBXBuildFile; fileRef = C9CB06F22DED535000479F2C /* LoginResponse.swift */; };
		C9CB06F52DED53C500479F2C /* UserApi.swift in Sources */ = {isa = PBXBuildFile; fileRef = C9CB06F42DED53C500479F2C /* UserApi.swift */; };
		C9CB06F72DED54BD00479F2C /* LoginViewModel.swift in Sources */ = {isa = PBXBuildFile; fileRef = C9CB06F62DED54BD00479F2C /* LoginViewModel.swift */; };
		C9CB06F92DED56FD00479F2C /* Collection+Extension.swift in Sources */ = {isa = PBXBuildFile; fileRef = C9CB06F82DED56FD00479F2C /* Collection+Extension.swift */; };
		C9CB06FB2DED5E5C00479F2C /* BasicResponse.swift in Sources */ = {isa = PBXBuildFile; fileRef = C9CB06FA2DED5E5C00479F2C /* BasicResponse.swift */; };
		C9CB06FD2DED66CF00479F2C /* UserDefaultsManager.swift in Sources */ = {isa = PBXBuildFile; fileRef = C9CB06FC2DED66CF00479F2C /* UserDefaultsManager.swift */; };
		C9CB07002DEDBFD900479F2C /* UserDetail.swift in Sources */ = {isa = PBXBuildFile; fileRef = C9CB06FF2DEDBFD500479F2C /* UserDetail.swift */; };
		C9E495562DD6E554008A17A9 /* AttendanceHistoryCardItemView.swift in Sources */ = {isa = PBXBuildFile; fileRef = C9E495552DD6E554008A17A9 /* AttendanceHistoryCardItemView.swift */; };
		C9E495582DD721E0008A17A9 /* PageBackgroundViewModifier.swift in Sources */ = {isa = PBXBuildFile; fileRef = C9E495572DD721E0008A17A9 /* PageBackgroundViewModifier.swift */; };
		C9E4955A2DD722AC008A17A9 /* View+Extension.swift in Sources */ = {isa = PBXBuildFile; fileRef = C9E495592DD722AC008A17A9 /* View+Extension.swift */; };
		C9E4955C2DD72D66008A17A9 /* AttendanceRankCardView.swift in Sources */ = {isa = PBXBuildFile; fileRef = C9E4955B2DD72D66008A17A9 /* AttendanceRankCardView.swift */; };
		C9EA33CA2DDD8ECF00233FCC /* ForgotPasswordView.swift in Sources */ = {isa = PBXBuildFile; fileRef = C9EA33C92DDD8ECF00233FCC /* ForgotPasswordView.swift */; };
		C9EC36DD2E067CDE00B62165 /* UIApplication+Extension.swift in Sources */ = {isa = PBXBuildFile; fileRef = C9EC36DC2E067CDE00B62165 /* UIApplication+Extension.swift */; };
		C9EC36E32E0A494700B62165 /* Dev.xcconfig in Resources */ = {isa = PBXBuildFile; fileRef = C9EC36E22E0A494700B62165 /* Dev.xcconfig */; };
		C9EC36E52E0A49D100B62165 /* Prod.xcconfig in Resources */ = {isa = PBXBuildFile; fileRef = C9EC36E42E0A49D100B62165 /* Prod.xcconfig */; };
		C9EC36E72E0A4A8B00B62165 /* Configuration.swift in Sources */ = {isa = PBXBuildFile; fileRef = C9EC36E62E0A4A8B00B62165 /* Configuration.swift */; };
/* End PBXBuildFile section */

/* Begin PBXFileReference section */
		364F962E2E2BEBB300E45A31 /* SplashScreenView.swift */ = {isa = PBXFileReference; lastKnownFileType = sourcecode.swift; path = SplashScreenView.swift; sourceTree = "<group>"; };
		36503D1A2E2E845900AAE12F /* FastestAttendanceResponse.swift */ = {isa = PBXFileReference; lastKnownFileType = sourcecode.swift; path = FastestAttendanceResponse.swift; sourceTree = "<group>"; };
		36503D1C2E2E858A00AAE12F /* FastestAttendanceUIModel.swift */ = {isa = PBXFileReference; lastKnownFileType = sourcecode.swift; path = FastestAttendanceUIModel.swift; sourceTree = "<group>"; };
		36503D1E2E2E8C8900AAE12F /* LatestAttendanceResponse.swift */ = {isa = PBXFileReference; lastKnownFileType = sourcecode.swift; path = LatestAttendanceResponse.swift; sourceTree = "<group>"; };
		36503D202E2E8FC100AAE12F /* LatestAttendanceUIModel.swift */ = {isa = PBXFileReference; lastKnownFileType = sourcecode.swift; path = LatestAttendanceUIModel.swift; sourceTree = "<group>"; };
		367341132E232A990096C220 /* DetailProfileView.swift */ = {isa = PBXFileReference; lastKnownFileType = sourcecode.swift; path = DetailProfileView.swift; sourceTree = "<group>"; };
		367341152E24E2D50096C220 /* ForgotPasswordViewModel.swift */ = {isa = PBXFileReference; lastKnownFileType = sourcecode.swift; path = ForgotPasswordViewModel.swift; sourceTree = "<group>"; };
		367341172E24E3E80096C220 /* OTPResonse.swift */ = {isa = PBXFileReference; lastKnownFileType = sourcecode.swift; path = OTPResonse.swift; sourceTree = "<group>"; };
		3673411B2E24E4900096C220 /* OTPVerificationResponse.swift */ = {isa = PBXFileReference; lastKnownFileType = sourcecode.swift; path = OTPVerificationResponse.swift; sourceTree = "<group>"; };
		3673411E2E24E6990096C220 /* EmailOTPUIModel.swift */ = {isa = PBXFileReference; lastKnownFileType = sourcecode.swift; path = EmailOTPUIModel.swift; sourceTree = "<group>"; };
		367341392E24EBD30096C220 /* AuthRouter.swift */ = {isa = PBXFileReference; lastKnownFileType = sourcecode.swift; path = AuthRouter.swift; sourceTree = "<group>"; };
		3673413B2E251EC90096C220 /* InputOTPViewModel.swift */ = {isa = PBXFileReference; lastKnownFileType = sourcecode.swift; path = InputOTPViewModel.swift; sourceTree = "<group>"; };
		3673413D2E2546D40096C220 /* InputNewPasswordViewModel.swift */ = {isa = PBXFileReference; lastKnownFileType = sourcecode.swift; path = InputNewPasswordViewModel.swift; sourceTree = "<group>"; };
		3673413F2E25482E0096C220 /* ResetPasswordResponse.swift */ = {isa = PBXFileReference; lastKnownFileType = sourcecode.swift; path = ResetPasswordResponse.swift; sourceTree = "<group>"; };
		367341412E2548FB0096C220 /* ResetPasswordUIModel.swift */ = {isa = PBXFileReference; lastKnownFileType = sourcecode.swift; path = ResetPasswordUIModel.swift; sourceTree = "<group>"; };
		367341432E254B440096C220 /* VerifyOTPUIModel.swift */ = {isa = PBXFileReference; lastKnownFileType = sourcecode.swift; path = VerifyOTPUIModel.swift; sourceTree = "<group>"; };
		3681A6E42E31F30C0012646D /* EditProfileView.swift */ = {isa = PBXFileReference; lastKnownFileType = sourcecode.swift; path = EditProfileView.swift; sourceTree = "<group>"; };
		3681A6E62E320D810012646D /* EditProfileViewModel.swift */ = {isa = PBXFileReference; lastKnownFileType = sourcecode.swift; path = EditProfileViewModel.swift; sourceTree = "<group>"; };
		3681A6E82E32139F0012646D /* EditProfileResponse.swift */ = {isa = PBXFileReference; lastKnownFileType = sourcecode.swift; path = EditProfileResponse.swift; sourceTree = "<group>"; };
		3681A6EB2E3214830012646D /* EditProfileUIModel.swift */ = {isa = PBXFileReference; lastKnownFileType = sourcecode.swift; path = EditProfileUIModel.swift; sourceTree = "<group>"; };
		C904236A2DDEE5B50073976D /* AttendanceInfoItemView.swift */ = {isa = PBXFileReference; lastKnownFileType = sourcecode.swift; path = AttendanceInfoItemView.swift; sourceTree = "<group>"; };
		C904236C2DDF110C0073976D /* InputOTPView.swift */ = {isa = PBXFileReference; lastKnownFileType = sourcecode.swift; path = InputOTPView.swift; sourceTree = "<group>"; };
		C904236E2DDF14900073976D /* InputNewPasswordView.swift */ = {isa = PBXFileReference; lastKnownFileType = sourcecode.swift; path = InputNewPasswordView.swift; sourceTree = "<group>"; };
		C905742F2DD451C10061EEF0 /* MainTabView.swift */ = {isa = PBXFileReference; lastKnownFileType = sourcecode.swift; path = MainTabView.swift; sourceTree = "<group>"; };
		C90574312DD456650061EEF0 /* HomeView.swift */ = {isa = PBXFileReference; lastKnownFileType = sourcecode.swift; path = HomeView.swift; sourceTree = "<group>"; };
		C90574362DD481240061EEF0 /* ContactView.swift */ = {isa = PBXFileReference; lastKnownFileType = sourcecode.swift; path = ContactView.swift; sourceTree = "<group>"; };
		C90574382DD481390061EEF0 /* ProfileView.swift */ = {isa = PBXFileReference; lastKnownFileType = sourcecode.swift; path = ProfileView.swift; sourceTree = "<group>"; };
		C905743A2DD481520061EEF0 /* MyLeaveView.swift */ = {isa = PBXFileReference; lastKnownFileType = sourcecode.swift; path = MyLeaveView.swift; sourceTree = "<group>"; };
		C905748E2DD491FD0061EEF0 /* Color+Extension.swift */ = {isa = PBXFileReference; lastKnownFileType = sourcecode.swift; path = "Color+Extension.swift"; sourceTree = "<group>"; };
		C90574902DD498A70061EEF0 /* HomeSummaryCardView.swift */ = {isa = PBXFileReference; lastKnownFileType = sourcecode.swift; path = HomeSummaryCardView.swift; sourceTree = "<group>"; };
		C90574922DD4A6BD0061EEF0 /* DashboardFeatureItemView.swift */ = {isa = PBXFileReference; lastKnownFileType = sourcecode.swift; path = DashboardFeatureItemView.swift; sourceTree = "<group>"; };
		C91B8AF52DDC68F4004C25BC /* PrimaryButton.swift */ = {isa = PBXFileReference; lastKnownFileType = sourcecode.swift; path = PrimaryButton.swift; sourceTree = "<group>"; };
		C91B8AF72DDC796C004C25BC /* LiveAttendanceViewModel.swift */ = {isa = PBXFileReference; lastKnownFileType = sourcecode.swift; path = LiveAttendanceViewModel.swift; sourceTree = "<group>"; };
		C91B8AFA2DDC8748004C25BC /* LoginView.swift */ = {isa = PBXFileReference; lastKnownFileType = sourcecode.swift; path = LoginView.swift; sourceTree = "<group>"; };
		C91F77002E040B6E00BB235C /* ProfileViewModel.swift */ = {isa = PBXFileReference; lastKnownFileType = sourcecode.swift; path = ProfileViewModel.swift; sourceTree = "<group>"; };
		C91F77022E040CF200BB235C /* LoginState.swift */ = {isa = PBXFileReference; lastKnownFileType = sourcecode.swift; path = LoginState.swift; sourceTree = "<group>"; };
		C962BA6E2DDDC99C00DED8DA /* BackButtonViewModifier.swift */ = {isa = PBXFileReference; lastKnownFileType = sourcecode.swift; path = BackButtonViewModifier.swift; sourceTree = "<group>"; };
		C96373D22DDAF0A000807E47 /* PopUpInformationView.swift */ = {isa = PBXFileReference; lastKnownFileType = sourcecode.swift; path = PopUpInformationView.swift; sourceTree = "<group>"; };
		C96373D42DDB106000807E47 /* LiveAttendanceView.swift */ = {isa = PBXFileReference; lastKnownFileType = sourcecode.swift; path = LiveAttendanceView.swift; sourceTree = "<group>"; };
		C96373D82DDB2AD000807E47 /* NavigationState.swift */ = {isa = PBXFileReference; lastKnownFileType = sourcecode.swift; path = NavigationState.swift; sourceTree = "<group>"; };
		C96373DA2DDB2B6E00807E47 /* FullScreenRouterView.swift */ = {isa = PBXFileReference; lastKnownFileType = sourcecode.swift; path = FullScreenRouterView.swift; sourceTree = "<group>"; };
		C97185D22DD5F3A2004A1F7A /* SectionHeaderView.swift */ = {isa = PBXFileReference; lastKnownFileType = sourcecode.swift; path = SectionHeaderView.swift; sourceTree = "<group>"; };
		C97185D42DD5F505004A1F7A /* TimeOffRequestCardView.swift */ = {isa = PBXFileReference; lastKnownFileType = sourcecode.swift; path = TimeOffRequestCardView.swift; sourceTree = "<group>"; };
		C98C09D62DE45A33000D6E8B /* ConfirmPasswordField.swift */ = {isa = PBXFileReference; lastKnownFileType = sourcecode.swift; path = ConfirmPasswordField.swift; sourceTree = "<group>"; };
		C98C09D82DE462FF000D6E8B /* InputEmailField.swift */ = {isa = PBXFileReference; lastKnownFileType = sourcecode.swift; path = InputEmailField.swift; sourceTree = "<group>"; };
		C98C09DA2DE8A938000D6E8B /* OTPTextFieldRepresentable.swift */ = {isa = PBXFileReference; lastKnownFileType = sourcecode.swift; path = OTPTextFieldRepresentable.swift; sourceTree = "<group>"; };
		C98C09DC2DE8CAB6000D6E8B /* Info.plist */ = {isa = PBXFileReference; lastKnownFileType = text.plist; path = Info.plist; sourceTree = "<group>"; };
		C98C09DD2DE8CB99000D6E8B /* LocationManager.swift */ = {isa = PBXFileReference; lastKnownFileType = sourcecode.swift; path = LocationManager.swift; sourceTree = "<group>"; };
		C98C09DF2DE8CC70000D6E8B /* HomeViewModel.swift */ = {isa = PBXFileReference; lastKnownFileType = sourcecode.swift; path = HomeViewModel.swift; sourceTree = "<group>"; };
		C98C09E12DE8D715000D6E8B /* Date+Extension.swift */ = {isa = PBXFileReference; lastKnownFileType = sourcecode.swift; path = "Date+Extension.swift"; sourceTree = "<group>"; };
		C98C09E62DE96D69000D6E8B /* ApiManager.swift */ = {isa = PBXFileReference; lastKnownFileType = sourcecode.swift; path = ApiManager.swift; sourceTree = "<group>"; };
		C98EA7C42DDA05F300B29EE3 /* AttendanceHistoryView.swift */ = {isa = PBXFileReference; lastKnownFileType = sourcecode.swift; path = AttendanceHistoryView.swift; sourceTree = "<group>"; };
		C9AACBE72DEFFBD600D0F99D /* AttendanceHistoryViewModel.swift */ = {isa = PBXFileReference; lastKnownFileType = sourcecode.swift; path = AttendanceHistoryViewModel.swift; sourceTree = "<group>"; };
		C9AACBE92DF01D9800D0F99D /* AttendanceHistoryDisplayModel.swift */ = {isa = PBXFileReference; lastKnownFileType = sourcecode.swift; path = AttendanceHistoryDisplayModel.swift; sourceTree = "<group>"; };
		C9AACBEB2DF031EA00D0F99D /* FilterAttendanceDateView.swift */ = {isa = PBXFileReference; lastKnownFileType = sourcecode.swift; path = FilterAttendanceDateView.swift; sourceTree = "<group>"; };
		C9AACBED2DF032F400D0F99D /* CalendarView.swift */ = {isa = PBXFileReference; lastKnownFileType = sourcecode.swift; path = CalendarView.swift; sourceTree = "<group>"; };
		C9AACBF12DF0517800D0F99D /* CheckInRequest.swift */ = {isa = PBXFileReference; lastKnownFileType = sourcecode.swift; path = CheckInRequest.swift; sourceTree = "<group>"; };
		C9AACBF52DF1703700D0F99D /* AttendanceSummaryItem.swift */ = {isa = PBXFileReference; lastKnownFileType = sourcecode.swift; path = AttendanceSummaryItem.swift; sourceTree = "<group>"; };
		C9AACBF72DF17C3600D0F99D /* ImagePicker.swift */ = {isa = PBXFileReference; lastKnownFileType = sourcecode.swift; path = ImagePicker.swift; sourceTree = "<group>"; };
		C9B27C2C2DF81C0A0022181B /* AttendanceOverviewResponse.swift */ = {isa = PBXFileReference; lastKnownFileType = sourcecode.swift; path = AttendanceOverviewResponse.swift; sourceTree = "<group>"; };
		C9B27C2F2DF81EF10022181B /* AttendanceOverviewUIModel.swift */ = {isa = PBXFileReference; lastKnownFileType = sourcecode.swift; path = AttendanceOverviewUIModel.swift; sourceTree = "<group>"; };
		C9B27C312DF82A3A0022181B /* PopUpInformationType.swift */ = {isa = PBXFileReference; lastKnownFileType = sourcecode.swift; path = PopUpInformationType.swift; sourceTree = "<group>"; };
		C9B861D72DEEA030001DE2B5 /* CheckinResponse.swift */ = {isa = PBXFileReference; lastKnownFileType = sourcecode.swift; path = CheckinResponse.swift; sourceTree = "<group>"; };
		C9B861D92DEEB35C001DE2B5 /* AttendanceApi.swift */ = {isa = PBXFileReference; lastKnownFileType = sourcecode.swift; path = AttendanceApi.swift; sourceTree = "<group>"; };
		C9B861DB2DEEB6C8001DE2B5 /* Encodable+Extension.swift */ = {isa = PBXFileReference; lastKnownFileType = sourcecode.swift; path = "Encodable+Extension.swift"; sourceTree = "<group>"; };
		C9B861DD2DEEE336001DE2B5 /* AttendanceHistoryResponse.swift */ = {isa = PBXFileReference; lastKnownFileType = sourcecode.swift; path = AttendanceHistoryResponse.swift; sourceTree = "<group>"; };
		C9B861DF2DEEE975001DE2B5 /* String+Extension.swift */ = {isa = PBXFileReference; lastKnownFileType = sourcecode.swift; path = "String+Extension.swift"; sourceTree = "<group>"; };
		C9B8DEC62CA51293006F4B66 /* InfiniteTrack.app */ = {isa = PBXFileReference; explicitFileType = wrapper.application; includeInIndex = 0; path = InfiniteTrack.app; sourceTree = BUILT_PRODUCTS_DIR; };
		C9B8DEC92CA51293006F4B66 /* InfiniteTrackApp.swift */ = {isa = PBXFileReference; lastKnownFileType = sourcecode.swift; path = InfiniteTrackApp.swift; sourceTree = "<group>"; };
		C9B8DECB2CA51293006F4B66 /* ContentView.swift */ = {isa = PBXFileReference; lastKnownFileType = sourcecode.swift; path = ContentView.swift; sourceTree = "<group>"; };
		C9B8DECD2CA51294006F4B66 /* Assets.xcassets */ = {isa = PBXFileReference; lastKnownFileType = folder.assetcatalog; path = Assets.xcassets; sourceTree = "<group>"; };
		C9B8DED02CA51294006F4B66 /* Preview Assets.xcassets */ = {isa = PBXFileReference; lastKnownFileType = folder.assetcatalog; path = "Preview Assets.xcassets"; sourceTree = "<group>"; };
		C9CB06F22DED535000479F2C /* LoginResponse.swift */ = {isa = PBXFileReference; lastKnownFileType = sourcecode.swift; path = LoginResponse.swift; sourceTree = "<group>"; };
		C9CB06F42DED53C500479F2C /* UserApi.swift */ = {isa = PBXFileReference; lastKnownFileType = sourcecode.swift; path = UserApi.swift; sourceTree = "<group>"; };
		C9CB06F62DED54BD00479F2C /* LoginViewModel.swift */ = {isa = PBXFileReference; lastKnownFileType = sourcecode.swift; path = LoginViewModel.swift; sourceTree = "<group>"; };
		C9CB06F82DED56FD00479F2C /* Collection+Extension.swift */ = {isa = PBXFileReference; lastKnownFileType = sourcecode.swift; path = "Collection+Extension.swift"; sourceTree = "<group>"; };
		C9CB06FA2DED5E5C00479F2C /* BasicResponse.swift */ = {isa = PBXFileReference; lastKnownFileType = sourcecode.swift; path = BasicResponse.swift; sourceTree = "<group>"; };
		C9CB06FC2DED66CF00479F2C /* UserDefaultsManager.swift */ = {isa = PBXFileReference; lastKnownFileType = sourcecode.swift; path = UserDefaultsManager.swift; sourceTree = "<group>"; };
		C9CB06FF2DEDBFD500479F2C /* UserDetail.swift */ = {isa = PBXFileReference; lastKnownFileType = sourcecode.swift; path = UserDetail.swift; sourceTree = "<group>"; };
		C9E495552DD6E554008A17A9 /* AttendanceHistoryCardItemView.swift */ = {isa = PBXFileReference; lastKnownFileType = sourcecode.swift; path = AttendanceHistoryCardItemView.swift; sourceTree = "<group>"; };
		C9E495572DD721E0008A17A9 /* PageBackgroundViewModifier.swift */ = {isa = PBXFileReference; lastKnownFileType = sourcecode.swift; path = PageBackgroundViewModifier.swift; sourceTree = "<group>"; };
		C9E495592DD722AC008A17A9 /* View+Extension.swift */ = {isa = PBXFileReference; lastKnownFileType = sourcecode.swift; path = "View+Extension.swift"; sourceTree = "<group>"; };
		C9E4955B2DD72D66008A17A9 /* AttendanceRankCardView.swift */ = {isa = PBXFileReference; lastKnownFileType = sourcecode.swift; path = AttendanceRankCardView.swift; sourceTree = "<group>"; };
		C9EA33C92DDD8ECF00233FCC /* ForgotPasswordView.swift */ = {isa = PBXFileReference; lastKnownFileType = sourcecode.swift; path = ForgotPasswordView.swift; sourceTree = "<group>"; };
		C9EC36DC2E067CDE00B62165 /* UIApplication+Extension.swift */ = {isa = PBXFileReference; lastKnownFileType = sourcecode.swift; path = "UIApplication+Extension.swift"; sourceTree = "<group>"; };
		C9EC36E22E0A494700B62165 /* Dev.xcconfig */ = {isa = PBXFileReference; lastKnownFileType = text.xcconfig; path = Dev.xcconfig; sourceTree = "<group>"; };
		C9EC36E42E0A49D100B62165 /* Prod.xcconfig */ = {isa = PBXFileReference; lastKnownFileType = text.xcconfig; path = Prod.xcconfig; sourceTree = "<group>"; };
		C9EC36E62E0A4A8B00B62165 /* Configuration.swift */ = {isa = PBXFileReference; lastKnownFileType = sourcecode.swift; path = Configuration.swift; sourceTree = "<group>"; };
/* End PBXFileReference section */

/* Begin PBXFrameworksBuildPhase section */
		C9B8DEC32CA51293006F4B66 /* Frameworks */ = {
			isa = PBXFrameworksBuildPhase;
			buildActionMask = 2147483647;
			files = (
				C98C09E52DE96D2F000D6E8B /* Alamofire in Frameworks */,
			);
			runOnlyForDeploymentPostprocessing = 0;
		};
/* End PBXFrameworksBuildPhase section */

/* Begin PBXGroup section */
		3673411D2E24E6880096C220 /* Models */ = {
			isa = PBXGroup;
			children = (
				367341432E254B440096C220 /* VerifyOTPUIModel.swift */,
				367341412E2548FB0096C220 /* ResetPasswordUIModel.swift */,
				3673411E2E24E6990096C220 /* EmailOTPUIModel.swift */,
			);
			path = Models;
			sourceTree = "<group>";
		};
		3681A6EA2E3214780012646D /* Models */ = {
			isa = PBXGroup;
			children = (
				3681A6EB2E3214830012646D /* EditProfileUIModel.swift */,
			);
			path = Models;
			sourceTree = "<group>";
		};
		C90423702DDF16650073976D /* Reset Password */ = {
			isa = PBXGroup;
			children = (
				3673411D2E24E6880096C220 /* Models */,
				367341152E24E2D50096C220 /* ForgotPasswordViewModel.swift */,
				C9EA33C92DDD8ECF00233FCC /* ForgotPasswordView.swift */,
				C904236E2DDF14900073976D /* InputNewPasswordView.swift */,
				3673413D2E2546D40096C220 /* InputNewPasswordViewModel.swift */,
				C904236C2DDF110C0073976D /* InputOTPView.swift */,
				3673413B2E251EC90096C220 /* InputOTPViewModel.swift */,
				C98C09DA2DE8A938000D6E8B /* OTPTextFieldRepresentable.swift */,
			);
			path = "Reset Password";
			sourceTree = "<group>";
		};
		C90574332DD4566C0061EEF0 /* Contact */ = {
			isa = PBXGroup;
			children = (
				C90574362DD481240061EEF0 /* ContactView.swift */,
			);
			path = Contact;
			sourceTree = "<group>";
		};
		C90574342DD4567B0061EEF0 /* Profile */ = {
			isa = PBXGroup;
			children = (
				3681A6EA2E3214780012646D /* Models */,
				3681A6E62E320D810012646D /* EditProfileViewModel.swift */,
				3681A6E42E31F30C0012646D /* EditProfileView.swift */,
				367341132E232A990096C220 /* DetailProfileView.swift */,
				C90574382DD481390061EEF0 /* ProfileView.swift */,
				C91F77002E040B6E00BB235C /* ProfileViewModel.swift */,
			);
			path = Profile;
			sourceTree = "<group>";
		};
		C90574352DD456860061EEF0 /* MyLeave */ = {
			isa = PBXGroup;
			children = (
				C905743A2DD481520061EEF0 /* MyLeaveView.swift */,
			);
			path = MyLeave;
			sourceTree = "<group>";
		};
		C905748C2DD491970061EEF0 /* Core */ = {
			isa = PBXGroup;
			children = (
				C9CB06FE2DEDBFCF00479F2C /* Model */,
				C905748D2DD491BB0061EEF0 /* Extensions */,
				C98C09DD2DE8CB99000D6E8B /* LocationManager.swift */,
				C98C09E62DE96D69000D6E8B /* ApiManager.swift */,
				C9CB06FC2DED66CF00479F2C /* UserDefaultsManager.swift */,
				C9EC36E62E0A4A8B00B62165 /* Configuration.swift */,
			);
			path = Core;
			sourceTree = "<group>";
		};
		C905748D2DD491BB0061EEF0 /* Extensions */ = {
			isa = PBXGroup;
			children = (
				C905748E2DD491FD0061EEF0 /* Color+Extension.swift */,
				C9E495592DD722AC008A17A9 /* View+Extension.swift */,
				C98C09E12DE8D715000D6E8B /* Date+Extension.swift */,
				C9CB06F82DED56FD00479F2C /* Collection+Extension.swift */,
				C9B861DB2DEEB6C8001DE2B5 /* Encodable+Extension.swift */,
				C9B861DF2DEEE975001DE2B5 /* String+Extension.swift */,
				C9EC36DC2E067CDE00B62165 /* UIApplication+Extension.swift */,
			);
			path = Extensions;
			sourceTree = "<group>";
		};
		C91B6FA52DCE02A0005CF46A /* Pages */ = {
			isa = PBXGroup;
			children = (
				364F962E2E2BEBB300E45A31 /* SplashScreenView.swift */,
				C9AACBF42DF13B0E00D0F99D /* MyAttendance */,
				C91B8AF92DDC871F004C25BC /* Login */,
				C90574352DD456860061EEF0 /* MyLeave */,
				C90574342DD4567B0061EEF0 /* Profile */,
				C90574332DD4566C0061EEF0 /* Contact */,
				C91B6FA82DCE02FF005CF46A /* Home */,
			);
			path = Pages;
			sourceTree = "<group>";
		};
		C91B6FA62DCE02B1005CF46A /* Components */ = {
			isa = PBXGroup;
			children = (
				C96373D12DDAF06800807E47 /* PopUpInformation */,
				C9E4955E2DD74261008A17A9 /* Home */,
				C9E4955D2DD74251008A17A9 /* TabBar */,
				C91B8AF52DDC68F4004C25BC /* PrimaryButton.swift */,
				C9E495572DD721E0008A17A9 /* PageBackgroundViewModifier.swift */,
				C962BA6E2DDDC99C00DED8DA /* BackButtonViewModifier.swift */,
				C98C09D62DE45A33000D6E8B /* ConfirmPasswordField.swift */,
				C98C09D82DE462FF000D6E8B /* InputEmailField.swift */,
				C9AACBF52DF1703700D0F99D /* AttendanceSummaryItem.swift */,
				C9AACBF72DF17C3600D0F99D /* ImagePicker.swift */,
			);
			path = Components;
			sourceTree = "<group>";
		};
		C91B6FA72DCE02B7005CF46A /* Base */ = {
			isa = PBXGroup;
			children = (
			);
			path = Base;
			sourceTree = "<group>";
		};
		C91B6FA82DCE02FF005CF46A /* Home */ = {
			isa = PBXGroup;
			children = (
				C9B27C2E2DF81EB60022181B /* Models */,
				C90574312DD456650061EEF0 /* HomeView.swift */,
				C98C09DF2DE8CC70000D6E8B /* HomeViewModel.swift */,
				C96373D82DDB2AD000807E47 /* NavigationState.swift */,
				C96373DA2DDB2B6E00807E47 /* FullScreenRouterView.swift */,
				C96373D42DDB106000807E47 /* LiveAttendanceView.swift */,
				C91B8AF72DDC796C004C25BC /* LiveAttendanceViewModel.swift */,
				C91F77022E040CF200BB235C /* LoginState.swift */,
			);
			path = Home;
			sourceTree = "<group>";
		};
		C91B8AF92DDC871F004C25BC /* Login */ = {
			isa = PBXGroup;
			children = (
				367341392E24EBD30096C220 /* AuthRouter.swift */,
				C90423702DDF16650073976D /* Reset Password */,
				C91B8AFA2DDC8748004C25BC /* LoginView.swift */,
				C9CB06F62DED54BD00479F2C /* LoginViewModel.swift */,
			);
			path = Login;
			sourceTree = "<group>";
		};
		C96373D12DDAF06800807E47 /* PopUpInformation */ = {
			isa = PBXGroup;
			children = (
				C96373D22DDAF0A000807E47 /* PopUpInformationView.swift */,
				C9B27C312DF82A3A0022181B /* PopUpInformationType.swift */,
			);
			path = PopUpInformation;
			sourceTree = "<group>";
		};
		C9AACBEF2DF04C7100D0F99D /* AttendanceHistory */ = {
			isa = PBXGroup;
			children = (
				C9AACBF02DF04C9000D0F99D /* Models */,
				C98EA7C42DDA05F300B29EE3 /* AttendanceHistoryView.swift */,
				C9AACBE72DEFFBD600D0F99D /* AttendanceHistoryViewModel.swift */,
			);
			path = AttendanceHistory;
			sourceTree = "<group>";
		};
		C9AACBF02DF04C9000D0F99D /* Models */ = {
			isa = PBXGroup;
			children = (
				C9AACBE92DF01D9800D0F99D /* AttendanceHistoryDisplayModel.swift */,
			);
			path = Models;
			sourceTree = "<group>";
		};
		C9AACBF32DF0518100D0F99D /* Requests */ = {
			isa = PBXGroup;
			children = (
				C9AACBF12DF0517800D0F99D /* CheckInRequest.swift */,
			);
			path = Requests;
			sourceTree = "<group>";
		};
		C9AACBF42DF13B0E00D0F99D /* MyAttendance */ = {
			isa = PBXGroup;
			children = (
				C9AACBEF2DF04C7100D0F99D /* AttendanceHistory */,
			);
			path = MyAttendance;
			sourceTree = "<group>";
		};
		C9B27C2E2DF81EB60022181B /* Models */ = {
			isa = PBXGroup;
			children = (
				36503D202E2E8FC100AAE12F /* LatestAttendanceUIModel.swift */,
				36503D1C2E2E858A00AAE12F /* FastestAttendanceUIModel.swift */,
				C9B27C2F2DF81EF10022181B /* AttendanceOverviewUIModel.swift */,
			);
			path = Models;
			sourceTree = "<group>";
		};
		C9B8DEBD2CA51293006F4B66 = {
			isa = PBXGroup;
			children = (
				C9B8DEC82CA51293006F4B66 /* InfiniteTrack */,
				C9B8DEC72CA51293006F4B66 /* Products */,
			);
			sourceTree = "<group>";
		};
		C9B8DEC72CA51293006F4B66 /* Products */ = {
			isa = PBXGroup;
			children = (
				C9B8DEC62CA51293006F4B66 /* InfiniteTrack.app */,
			);
			name = Products;
			sourceTree = "<group>";
		};
		C9B8DEC82CA51293006F4B66 /* InfiniteTrack */ = {
			isa = PBXGroup;
			children = (
				C9CB06F02DED533700479F2C /* Services */,
				C98C09DC2DE8CAB6000D6E8B /* Info.plist */,
				C905748C2DD491970061EEF0 /* Core */,
				C91B6FA72DCE02B7005CF46A /* Base */,
				C91B6FA62DCE02B1005CF46A /* Components */,
				C91B6FA52DCE02A0005CF46A /* Pages */,
				C9B8DEC92CA51293006F4B66 /* InfiniteTrackApp.swift */,
				C9B8DECB2CA51293006F4B66 /* ContentView.swift */,
				C9B8DECD2CA51294006F4B66 /* Assets.xcassets */,
				C9B8DECF2CA51294006F4B66 /* Preview Content */,
				C9EC36E22E0A494700B62165 /* Dev.xcconfig */,
				C9EC36E42E0A49D100B62165 /* Prod.xcconfig */,
			);
			path = InfiniteTrack;
			sourceTree = "<group>";
		};
		C9B8DECF2CA51294006F4B66 /* Preview Content */ = {
			isa = PBXGroup;
			children = (
				C9B8DED02CA51294006F4B66 /* Preview Assets.xcassets */,
			);
			path = "Preview Content";
			sourceTree = "<group>";
		};
		C9CB06F02DED533700479F2C /* Services */ = {
			isa = PBXGroup;
			children = (
				C9AACBF32DF0518100D0F99D /* Requests */,
				C9CB06F12DED534200479F2C /* Responses */,
				C9CB06F42DED53C500479F2C /* UserApi.swift */,
				C9B861D92DEEB35C001DE2B5 /* AttendanceApi.swift */,
			);
			path = Services;
			sourceTree = "<group>";
		};
		C9CB06F12DED534200479F2C /* Responses */ = {
			isa = PBXGroup;
			children = (
				3681A6E82E32139F0012646D /* EditProfileResponse.swift */,
				36503D1E2E2E8C8900AAE12F /* LatestAttendanceResponse.swift */,
				36503D1A2E2E845900AAE12F /* FastestAttendanceResponse.swift */,
				3673413F2E25482E0096C220 /* ResetPasswordResponse.swift */,
				3673411B2E24E4900096C220 /* OTPVerificationResponse.swift */,
				367341172E24E3E80096C220 /* OTPResonse.swift */,
				C9CB06F22DED535000479F2C /* LoginResponse.swift */,
				C9CB06FA2DED5E5C00479F2C /* BasicResponse.swift */,
				C9B861D72DEEA030001DE2B5 /* CheckinResponse.swift */,
				C9B861DD2DEEE336001DE2B5 /* AttendanceHistoryResponse.swift */,
				C9B27C2C2DF81C0A0022181B /* AttendanceOverviewResponse.swift */,
			);
			path = Responses;
			sourceTree = "<group>";
		};
		C9CB06FE2DEDBFCF00479F2C /* Model */ = {
			isa = PBXGroup;
			children = (
				C9CB06FF2DEDBFD500479F2C /* UserDetail.swift */,
			);
			path = Model;
			sourceTree = "<group>";
		};
		C9E4955D2DD74251008A17A9 /* TabBar */ = {
			isa = PBXGroup;
			children = (
				C905742F2DD451C10061EEF0 /* MainTabView.swift */,
			);
			path = TabBar;
			sourceTree = "<group>";
		};
		C9E4955E2DD74261008A17A9 /* Home */ = {
			isa = PBXGroup;
			children = (
				C90574902DD498A70061EEF0 /* HomeSummaryCardView.swift */,
				C90574922DD4A6BD0061EEF0 /* DashboardFeatureItemView.swift */,
				C97185D22DD5F3A2004A1F7A /* SectionHeaderView.swift */,
				C97185D42DD5F505004A1F7A /* TimeOffRequestCardView.swift */,
				C9E495552DD6E554008A17A9 /* AttendanceHistoryCardItemView.swift */,
				C9E4955B2DD72D66008A17A9 /* AttendanceRankCardView.swift */,
				C904236A2DDEE5B50073976D /* AttendanceInfoItemView.swift */,
				C9AACBEB2DF031EA00D0F99D /* FilterAttendanceDateView.swift */,
				C9AACBED2DF032F400D0F99D /* CalendarView.swift */,
			);
			path = Home;
			sourceTree = "<group>";
		};
/* End PBXGroup section */

/* Begin PBXNativeTarget section */
		C9B8DEC52CA51293006F4B66 /* InfiniteTrack */ = {
			isa = PBXNativeTarget;
			buildConfigurationList = C9B8DED42CA51294006F4B66 /* Build configuration list for PBXNativeTarget "InfiniteTrack" */;
			buildPhases = (
				C9B8DEC22CA51293006F4B66 /* Sources */,
				C9B8DEC32CA51293006F4B66 /* Frameworks */,
				C9B8DEC42CA51293006F4B66 /* Resources */,
			);
			buildRules = (
			);
			dependencies = (
			);
			name = InfiniteTrack;
			productName = InfiniteTrack;
			productReference = C9B8DEC62CA51293006F4B66 /* InfiniteTrack.app */;
			productType = "com.apple.product-type.application";
		};
/* End PBXNativeTarget section */

/* Begin PBXProject section */
		C9B8DEBE2CA51293006F4B66 /* Project object */ = {
			isa = PBXProject;
			attributes = {
				BuildIndependentTargetsInParallel = 1;
				LastSwiftUpdateCheck = 1500;
				LastUpgradeCheck = 1500;
				TargetAttributes = {
					C9B8DEC52CA51293006F4B66 = {
						CreatedOnToolsVersion = 15.0;
					};
				};
			};
			buildConfigurationList = C9B8DEC12CA51293006F4B66 /* Build configuration list for PBXProject "InfiniteTrack" */;
			compatibilityVersion = "Xcode 14.0";
			developmentRegion = en;
			hasScannedForEncodings = 0;
			knownRegions = (
				en,
				Base,
			);
			mainGroup = C9B8DEBD2CA51293006F4B66;
			packageReferences = (
				C98C09E32DE96D2F000D6E8B /* XCRemoteSwiftPackageReference "Alamofire" */,
			);
			productRefGroup = C9B8DEC72CA51293006F4B66 /* Products */;
			projectDirPath = "";
			projectRoot = "";
			targets = (
				C9B8DEC52CA51293006F4B66 /* InfiniteTrack */,
			);
		};
/* End PBXProject section */

/* Begin PBXResourcesBuildPhase section */
		C9B8DEC42CA51293006F4B66 /* Resources */ = {
			isa = PBXResourcesBuildPhase;
			buildActionMask = 2147483647;
			files = (
				C9B8DED12CA51294006F4B66 /* Preview Assets.xcassets in Resources */,
				C9EC36E52E0A49D100B62165 /* Prod.xcconfig in Resources */,
				C9B8DECE2CA51294006F4B66 /* Assets.xcassets in Resources */,
				C9EC36E32E0A494700B62165 /* Dev.xcconfig in Resources */,
			);
			runOnlyForDeploymentPostprocessing = 0;
		};
/* End PBXResourcesBuildPhase section */

/* Begin PBXSourcesBuildPhase section */
		C9B8DEC22CA51293006F4B66 /* Sources */ = {
			isa = PBXSourcesBuildPhase;
			buildActionMask = 2147483647;
			files = (
				C9B27C2D2DF81C0A0022181B /* AttendanceOverviewResponse.swift in Sources */,
				C9AACBE82DEFFBD600D0F99D /* AttendanceHistoryViewModel.swift in Sources */,
				C97185D32DD5F3A2004A1F7A /* SectionHeaderView.swift in Sources */,
				C9B861DC2DEEB6C8001DE2B5 /* Encodable+Extension.swift in Sources */,
				C9CB06F32DED535000479F2C /* LoginResponse.swift in Sources */,
				C9B8DECC2CA51293006F4B66 /* ContentView.swift in Sources */,
				3673413A2E24EBD60096C220 /* AuthRouter.swift in Sources */,
				C9EC36E72E0A4A8B00B62165 /* Configuration.swift in Sources */,
				C98C09DB2DE8A938000D6E8B /* OTPTextFieldRepresentable.swift in Sources */,
				367341162E24E2DB0096C220 /* ForgotPasswordViewModel.swift in Sources */,
				367341182E24E3EB0096C220 /* OTPResonse.swift in Sources */,
				3673413C2E251ECD0096C220 /* InputOTPViewModel.swift in Sources */,
				C9AACBEE2DF032F400D0F99D /* CalendarView.swift in Sources */,
				C9AACBF82DF17C3600D0F99D /* ImagePicker.swift in Sources */,
				C9EC36DD2E067CDE00B62165 /* UIApplication+Extension.swift in Sources */,
				C90574932DD4A6BD0061EEF0 /* DashboardFeatureItemView.swift in Sources */,
				C905743B2DD481520061EEF0 /* MyLeaveView.swift in Sources */,
				C9AACBEA2DF01D9800D0F99D /* AttendanceHistoryDisplayModel.swift in Sources */,
				C98C09D72DE45A33000D6E8B /* ConfirmPasswordField.swift in Sources */,
				C9AACBF22DF0517800D0F99D /* CheckInRequest.swift in Sources */,
				C91F77012E040B6E00BB235C /* ProfileViewModel.swift in Sources */,
				C90574322DD456650061EEF0 /* HomeView.swift in Sources */,
				C9CB06F72DED54BD00479F2C /* LoginViewModel.swift in Sources */,
				3673413E2E2546D60096C220 /* InputNewPasswordViewModel.swift in Sources */,
				C9AACBF62DF1703700D0F99D /* AttendanceSummaryItem.swift in Sources */,
				C9CB06F92DED56FD00479F2C /* Collection+Extension.swift in Sources */,
				C90574912DD498A70061EEF0 /* HomeSummaryCardView.swift in Sources */,
				36503D1B2E2E846500AAE12F /* FastestAttendanceResponse.swift in Sources */,
				C91B8AFB2DDC8748004C25BC /* LoginView.swift in Sources */,
				C9E495582DD721E0008A17A9 /* PageBackgroundViewModifier.swift in Sources */,
				C962BA6F2DDDC99C00DED8DA /* BackButtonViewModifier.swift in Sources */,
				C9E4955A2DD722AC008A17A9 /* View+Extension.swift in Sources */,
				C9B861E02DEEE975001DE2B5 /* String+Extension.swift in Sources */,
				C91F77032E040CF200BB235C /* LoginState.swift in Sources */,
				C904236B2DDEE5B50073976D /* AttendanceInfoItemView.swift in Sources */,
				367341422E2549010096C220 /* ResetPasswordUIModel.swift in Sources */,
				367341442E254B4A0096C220 /* VerifyOTPUIModel.swift in Sources */,
				C904236F2DDF14900073976D /* InputNewPasswordView.swift in Sources */,
				C98C09DE2DE8CB99000D6E8B /* LocationManager.swift in Sources */,
				C9B861DE2DEEE336001DE2B5 /* AttendanceHistoryResponse.swift in Sources */,
				367341142E232A9D0096C220 /* DetailProfileView.swift in Sources */,
				36503D212E2E8FC900AAE12F /* LatestAttendanceUIModel.swift in Sources */,
				3673411F2E24E6A30096C220 /* EmailOTPUIModel.swift in Sources */,
				C90574302DD451C10061EEF0 /* MainTabView.swift in Sources */,
				C96373D92DDB2AD000807E47 /* NavigationState.swift in Sources */,
				367341402E2548350096C220 /* ResetPasswordResponse.swift in Sources */,
				36503D1D2E2E859700AAE12F /* FastestAttendanceUIModel.swift in Sources */,
				C9AACBEC2DF031EA00D0F99D /* FilterAttendanceDateView.swift in Sources */,
				C98C09E02DE8CC70000D6E8B /* HomeViewModel.swift in Sources */,
				C97185D52DD5F505004A1F7A /* TimeOffRequestCardView.swift in Sources */,
				C90574372DD481240061EEF0 /* ContactView.swift in Sources */,
				C91B8AF62DDC68F4004C25BC /* PrimaryButton.swift in Sources */,
				C9B861D82DEEA030001DE2B5 /* CheckinResponse.swift in Sources */,
				C9B27C302DF81EF10022181B /* AttendanceOverviewUIModel.swift in Sources */,
				C9B27C322DF82A3A0022181B /* PopUpInformationType.swift in Sources */,
				3681A6E92E3213A50012646D /* EditProfileResponse.swift in Sources */,
				C90574392DD481390061EEF0 /* ProfileView.swift in Sources */,
				364F962F2E2BEBBA00E45A31 /* SplashScreenView.swift in Sources */,
				C98EA7C52DDA05F300B29EE3 /* AttendanceHistoryView.swift in Sources */,
				C98C09D92DE462FF000D6E8B /* InputEmailField.swift in Sources */,
				C96373D52DDB106000807E47 /* LiveAttendanceView.swift in Sources */,
				C98C09E22DE8D715000D6E8B /* Date+Extension.swift in Sources */,
				C904236D2DDF110C0073976D /* InputOTPView.swift in Sources */,
				3681A6E52E31F3100012646D /* EditProfileView.swift in Sources */,
				C9CB07002DEDBFD900479F2C /* UserDetail.swift in Sources */,
				C9E495562DD6E554008A17A9 /* AttendanceHistoryCardItemView.swift in Sources */,
				3673411C2E24E4A10096C220 /* OTPVerificationResponse.swift in Sources */,
				C9CB06FB2DED5E5C00479F2C /* BasicResponse.swift in Sources */,
				C98C09E72DE96D69000D6E8B /* ApiManager.swift in Sources */,
				C91B8AF82DDC796C004C25BC /* LiveAttendanceViewModel.swift in Sources */,
				C9B8DECA2CA51293006F4B66 /* InfiniteTrackApp.swift in Sources */,
				C96373DB2DDB2B6E00807E47 /* FullScreenRouterView.swift in Sources */,
				C9B861DA2DEEB35C001DE2B5 /* AttendanceApi.swift in Sources */,
				3681A6EC2E3214890012646D /* EditProfileUIModel.swift in Sources */,
				3681A6E72E320D860012646D /* EditProfileViewModel.swift in Sources */,
				36503D1F2E2E8C9100AAE12F /* LatestAttendanceResponse.swift in Sources */,
				C905748F2DD491FD0061EEF0 /* Color+Extension.swift in Sources */,
				C9EA33CA2DDD8ECF00233FCC /* ForgotPasswordView.swift in Sources */,
				C9CB06FD2DED66CF00479F2C /* UserDefaultsManager.swift in Sources */,
				C9E4955C2DD72D66008A17A9 /* AttendanceRankCardView.swift in Sources */,
				C96373D32DDAF0A000807E47 /* PopUpInformationView.swift in Sources */,
				C9CB06F52DED53C500479F2C /* UserApi.swift in Sources */,
			);
			runOnlyForDeploymentPostprocessing = 0;
		};
/* End PBXSourcesBuildPhase section */

/* Begin XCBuildConfiguration section */
		C9B8DED22CA51294006F4B66 /* Debug */ = {
			isa = XCBuildConfiguration;
			baseConfigurationReference = C9EC36E22E0A494700B62165 /* Dev.xcconfig */;
			buildSettings = {
				ALWAYS_SEARCH_USER_PATHS = NO;
				ASSETCATALOG_COMPILER_GENERATE_SWIFT_ASSET_SYMBOL_EXTENSIONS = YES;
				CLANG_ANALYZER_NONNULL = YES;
				CLANG_ANALYZER_NUMBER_OBJECT_CONVERSION = YES_AGGRESSIVE;
				CLANG_CXX_LANGUAGE_STANDARD = "gnu++20";
				CLANG_ENABLE_MODULES = YES;
				CLANG_ENABLE_OBJC_ARC = YES;
				CLANG_ENABLE_OBJC_WEAK = YES;
				CLANG_WARN_BLOCK_CAPTURE_AUTORELEASING = YES;
				CLANG_WARN_BOOL_CONVERSION = YES;
				CLANG_WARN_COMMA = YES;
				CLANG_WARN_CONSTANT_CONVERSION = YES;
				CLANG_WARN_DEPRECATED_OBJC_IMPLEMENTATIONS = YES;
				CLANG_WARN_DIRECT_OBJC_ISA_USAGE = YES_ERROR;
				CLANG_WARN_DOCUMENTATION_COMMENTS = YES;
				CLANG_WARN_EMPTY_BODY = YES;
				CLANG_WARN_ENUM_CONVERSION = YES;
				CLANG_WARN_INFINITE_RECURSION = YES;
				CLANG_WARN_INT_CONVERSION = YES;
				CLANG_WARN_NON_LITERAL_NULL_CONVERSION = YES;
				CLANG_WARN_OBJC_IMPLICIT_RETAIN_SELF = YES;
				CLANG_WARN_OBJC_LITERAL_CONVERSION = YES;
				CLANG_WARN_OBJC_ROOT_CLASS = YES_ERROR;
				CLANG_WARN_QUOTED_INCLUDE_IN_FRAMEWORK_HEADER = YES;
				CLANG_WARN_RANGE_LOOP_ANALYSIS = YES;
				CLANG_WARN_STRICT_PROTOTYPES = YES;
				CLANG_WARN_SUSPICIOUS_MOVE = YES;
				CLANG_WARN_UNGUARDED_AVAILABILITY = YES_AGGRESSIVE;
				CLANG_WARN_UNREACHABLE_CODE = YES;
				CLANG_WARN__DUPLICATE_METHOD_MATCH = YES;
				COPY_PHASE_STRIP = NO;
				DEBUG_INFORMATION_FORMAT = dwarf;
				ENABLE_STRICT_OBJC_MSGSEND = YES;
				ENABLE_TESTABILITY = YES;
				ENABLE_USER_SCRIPT_SANDBOXING = YES;
				GCC_C_LANGUAGE_STANDARD = gnu17;
				GCC_DYNAMIC_NO_PIC = NO;
				GCC_NO_COMMON_BLOCKS = YES;
				GCC_OPTIMIZATION_LEVEL = 0;
				GCC_PREPROCESSOR_DEFINITIONS = (
					"DEBUG=1",
					"$(inherited)",
				);
				GCC_WARN_64_TO_32_BIT_CONVERSION = YES;
				GCC_WARN_ABOUT_RETURN_TYPE = YES_ERROR;
				GCC_WARN_UNDECLARED_SELECTOR = YES;
				GCC_WARN_UNINITIALIZED_AUTOS = YES_AGGRESSIVE;
				GCC_WARN_UNUSED_FUNCTION = YES;
				GCC_WARN_UNUSED_VARIABLE = YES;
				IPHONEOS_DEPLOYMENT_TARGET = 17.0;
				LOCALIZATION_PREFERS_STRING_CATALOGS = YES;
				MTL_ENABLE_DEBUG_INFO = INCLUDE_SOURCE;
				MTL_FAST_MATH = YES;
				ONLY_ACTIVE_ARCH = YES;
				SDKROOT = iphoneos;
				SWIFT_ACTIVE_COMPILATION_CONDITIONS = "DEBUG $(inherited)";
				SWIFT_OPTIMIZATION_LEVEL = "-Onone";
			};
			name = Debug;
		};
		C9B8DED32CA51294006F4B66 /* Release */ = {
			isa = XCBuildConfiguration;
			baseConfigurationReference = C9EC36E22E0A494700B62165 /* Dev.xcconfig */;
			buildSettings = {
				ALWAYS_SEARCH_USER_PATHS = NO;
				ASSETCATALOG_COMPILER_GENERATE_SWIFT_ASSET_SYMBOL_EXTENSIONS = YES;
				CLANG_ANALYZER_NONNULL = YES;
				CLANG_ANALYZER_NUMBER_OBJECT_CONVERSION = YES_AGGRESSIVE;
				CLANG_CXX_LANGUAGE_STANDARD = "gnu++20";
				CLANG_ENABLE_MODULES = YES;
				CLANG_ENABLE_OBJC_ARC = YES;
				CLANG_ENABLE_OBJC_WEAK = YES;
				CLANG_WARN_BLOCK_CAPTURE_AUTORELEASING = YES;
				CLANG_WARN_BOOL_CONVERSION = YES;
				CLANG_WARN_COMMA = YES;
				CLANG_WARN_CONSTANT_CONVERSION = YES;
				CLANG_WARN_DEPRECATED_OBJC_IMPLEMENTATIONS = YES;
				CLANG_WARN_DIRECT_OBJC_ISA_USAGE = YES_ERROR;
				CLANG_WARN_DOCUMENTATION_COMMENTS = YES;
				CLANG_WARN_EMPTY_BODY = YES;
				CLANG_WARN_ENUM_CONVERSION = YES;
				CLANG_WARN_INFINITE_RECURSION = YES;
				CLANG_WARN_INT_CONVERSION = YES;
				CLANG_WARN_NON_LITERAL_NULL_CONVERSION = YES;
				CLANG_WARN_OBJC_IMPLICIT_RETAIN_SELF = YES;
				CLANG_WARN_OBJC_LITERAL_CONVERSION = YES;
				CLANG_WARN_OBJC_ROOT_CLASS = YES_ERROR;
				CLANG_WARN_QUOTED_INCLUDE_IN_FRAMEWORK_HEADER = YES;
				CLANG_WARN_RANGE_LOOP_ANALYSIS = YES;
				CLANG_WARN_STRICT_PROTOTYPES = YES;
				CLANG_WARN_SUSPICIOUS_MOVE = YES;
				CLANG_WARN_UNGUARDED_AVAILABILITY = YES_AGGRESSIVE;
				CLANG_WARN_UNREACHABLE_CODE = YES;
				CLANG_WARN__DUPLICATE_METHOD_MATCH = YES;
				COPY_PHASE_STRIP = NO;
				DEBUG_INFORMATION_FORMAT = "dwarf-with-dsym";
				ENABLE_NS_ASSERTIONS = NO;
				ENABLE_STRICT_OBJC_MSGSEND = YES;
				ENABLE_USER_SCRIPT_SANDBOXING = YES;
				GCC_C_LANGUAGE_STANDARD = gnu17;
				GCC_NO_COMMON_BLOCKS = YES;
				GCC_WARN_64_TO_32_BIT_CONVERSION = YES;
				GCC_WARN_ABOUT_RETURN_TYPE = YES_ERROR;
				GCC_WARN_UNDECLARED_SELECTOR = YES;
				GCC_WARN_UNINITIALIZED_AUTOS = YES_AGGRESSIVE;
				GCC_WARN_UNUSED_FUNCTION = YES;
				GCC_WARN_UNUSED_VARIABLE = YES;
				IPHONEOS_DEPLOYMENT_TARGET = 17.0;
				LOCALIZATION_PREFERS_STRING_CATALOGS = YES;
				MTL_ENABLE_DEBUG_INFO = NO;
				MTL_FAST_MATH = YES;
				SDKROOT = iphoneos;
				SWIFT_COMPILATION_MODE = wholemodule;
				VALIDATE_PRODUCT = YES;
			};
			name = Release;
		};
		C9B8DED52CA51294006F4B66 /* Debug */ = {
			isa = XCBuildConfiguration;
			baseConfigurationReference = C9EC36E22E0A494700B62165 /* Dev.xcconfig */;
			buildSettings = {
				ASSETCATALOG_COMPILER_APPICON_NAME = AppIcon;
				ASSETCATALOG_COMPILER_GLOBAL_ACCENT_COLOR_NAME = AccentColor;
				CODE_SIGN_STYLE = Automatic;
				CURRENT_PROJECT_VERSION = 1;
				DEVELOPMENT_ASSET_PATHS = "\"InfiniteTrack/Preview Content\"";
				DEVELOPMENT_TEAM = DFF5WS246X;
				ENABLE_PREVIEWS = YES;
				GENERATE_INFOPLIST_FILE = YES;
				INFOPLIST_FILE = InfiniteTrack/Info.plist;
				INFOPLIST_KEY_UIApplicationSceneManifest_Generation = YES;
				INFOPLIST_KEY_UIApplicationSupportsIndirectInputEvents = YES;
				INFOPLIST_KEY_UILaunchScreen_Generation = YES;
				INFOPLIST_KEY_UISupportedInterfaceOrientations_iPad = "UIInterfaceOrientationPortrait UIInterfaceOrientationPortraitUpsideDown UIInterfaceOrientationLandscapeLeft UIInterfaceOrientationLandscapeRight";
				INFOPLIST_KEY_UISupportedInterfaceOrientations_iPhone = "UIInterfaceOrientationPortrait UIInterfaceOrientationLandscapeLeft UIInterfaceOrientationLandscapeRight";
				IPHONEOS_DEPLOYMENT_TARGET = 18.0;
				LD_RUNPATH_SEARCH_PATHS = (
					"$(inherited)",
					"@executable_path/Frameworks",
				);
				MARKETING_VERSION = 1.0;
				PRODUCT_BUNDLE_IDENTIFIER = com.codeurfuture.InfiniteTrack;
				PRODUCT_NAME = "$(TARGET_NAME)";
				SWIFT_EMIT_LOC_STRINGS = YES;
				SWIFT_VERSION = 5.0;
				TARGETED_DEVICE_FAMILY = "1,2";
			};
			name = Debug;
		};
		C9B8DED62CA51294006F4B66 /* Release */ = {
			isa = XCBuildConfiguration;
			baseConfigurationReference = C9EC36E22E0A494700B62165 /* Dev.xcconfig */;
			buildSettings = {
				ASSETCATALOG_COMPILER_APPICON_NAME = AppIcon;
				ASSETCATALOG_COMPILER_GLOBAL_ACCENT_COLOR_NAME = AccentColor;
				CODE_SIGN_STYLE = Automatic;
				CURRENT_PROJECT_VERSION = 1;
				DEVELOPMENT_ASSET_PATHS = "\"InfiniteTrack/Preview Content\"";
				DEVELOPMENT_TEAM = DFF5WS246X;
				ENABLE_PREVIEWS = YES;
				GENERATE_INFOPLIST_FILE = YES;
				INFOPLIST_FILE = InfiniteTrack/Info.plist;
				INFOPLIST_KEY_UIApplicationSceneManifest_Generation = YES;
				INFOPLIST_KEY_UIApplicationSupportsIndirectInputEvents = YES;
				INFOPLIST_KEY_UILaunchScreen_Generation = YES;
				INFOPLIST_KEY_UISupportedInterfaceOrientations_iPad = "UIInterfaceOrientationPortrait UIInterfaceOrientationPortraitUpsideDown UIInterfaceOrientationLandscapeLeft UIInterfaceOrientationLandscapeRight";
				INFOPLIST_KEY_UISupportedInterfaceOrientations_iPhone = "UIInterfaceOrientationPortrait UIInterfaceOrientationLandscapeLeft UIInterfaceOrientationLandscapeRight";
				IPHONEOS_DEPLOYMENT_TARGET = 18.0;
				LD_RUNPATH_SEARCH_PATHS = (
					"$(inherited)",
					"@executable_path/Frameworks",
				);
				MARKETING_VERSION = 1.0;
				PRODUCT_BUNDLE_IDENTIFIER = com.codeurfuture.InfiniteTrack;
				PRODUCT_NAME = "$(TARGET_NAME)";
				SWIFT_EMIT_LOC_STRINGS = YES;
				SWIFT_VERSION = 5.0;
				TARGETED_DEVICE_FAMILY = "1,2";
			};
			name = Release;
		};
		C9EC36DE2E0A48D200B62165 /* Debug-Prod */ = {
			isa = XCBuildConfiguration;
			baseConfigurationReference = C9EC36E42E0A49D100B62165 /* Prod.xcconfig */;
			buildSettings = {
				ALWAYS_SEARCH_USER_PATHS = NO;
				ASSETCATALOG_COMPILER_GENERATE_SWIFT_ASSET_SYMBOL_EXTENSIONS = YES;
				CLANG_ANALYZER_NONNULL = YES;
				CLANG_ANALYZER_NUMBER_OBJECT_CONVERSION = YES_AGGRESSIVE;
				CLANG_CXX_LANGUAGE_STANDARD = "gnu++20";
				CLANG_ENABLE_MODULES = YES;
				CLANG_ENABLE_OBJC_ARC = YES;
				CLANG_ENABLE_OBJC_WEAK = YES;
				CLANG_WARN_BLOCK_CAPTURE_AUTORELEASING = YES;
				CLANG_WARN_BOOL_CONVERSION = YES;
				CLANG_WARN_COMMA = YES;
				CLANG_WARN_CONSTANT_CONVERSION = YES;
				CLANG_WARN_DEPRECATED_OBJC_IMPLEMENTATIONS = YES;
				CLANG_WARN_DIRECT_OBJC_ISA_USAGE = YES_ERROR;
				CLANG_WARN_DOCUMENTATION_COMMENTS = YES;
				CLANG_WARN_EMPTY_BODY = YES;
				CLANG_WARN_ENUM_CONVERSION = YES;
				CLANG_WARN_INFINITE_RECURSION = YES;
				CLANG_WARN_INT_CONVERSION = YES;
				CLANG_WARN_NON_LITERAL_NULL_CONVERSION = YES;
				CLANG_WARN_OBJC_IMPLICIT_RETAIN_SELF = YES;
				CLANG_WARN_OBJC_LITERAL_CONVERSION = YES;
				CLANG_WARN_OBJC_ROOT_CLASS = YES_ERROR;
				CLANG_WARN_QUOTED_INCLUDE_IN_FRAMEWORK_HEADER = YES;
				CLANG_WARN_RANGE_LOOP_ANALYSIS = YES;
				CLANG_WARN_STRICT_PROTOTYPES = YES;
				CLANG_WARN_SUSPICIOUS_MOVE = YES;
				CLANG_WARN_UNGUARDED_AVAILABILITY = YES_AGGRESSIVE;
				CLANG_WARN_UNREACHABLE_CODE = YES;
				CLANG_WARN__DUPLICATE_METHOD_MATCH = YES;
				COPY_PHASE_STRIP = NO;
				DEBUG_INFORMATION_FORMAT = dwarf;
				ENABLE_STRICT_OBJC_MSGSEND = YES;
				ENABLE_TESTABILITY = YES;
				ENABLE_USER_SCRIPT_SANDBOXING = YES;
				GCC_C_LANGUAGE_STANDARD = gnu17;
				GCC_DYNAMIC_NO_PIC = NO;
				GCC_NO_COMMON_BLOCKS = YES;
				GCC_OPTIMIZATION_LEVEL = 0;
				GCC_PREPROCESSOR_DEFINITIONS = (
					"DEBUG=1",
					"$(inherited)",
				);
				GCC_WARN_64_TO_32_BIT_CONVERSION = YES;
				GCC_WARN_ABOUT_RETURN_TYPE = YES_ERROR;
				GCC_WARN_UNDECLARED_SELECTOR = YES;
				GCC_WARN_UNINITIALIZED_AUTOS = YES_AGGRESSIVE;
				GCC_WARN_UNUSED_FUNCTION = YES;
				GCC_WARN_UNUSED_VARIABLE = YES;
				IPHONEOS_DEPLOYMENT_TARGET = 17.0;
				LOCALIZATION_PREFERS_STRING_CATALOGS = YES;
				MTL_ENABLE_DEBUG_INFO = INCLUDE_SOURCE;
				MTL_FAST_MATH = YES;
				ONLY_ACTIVE_ARCH = YES;
				SDKROOT = iphoneos;
				SWIFT_ACTIVE_COMPILATION_CONDITIONS = "DEBUG $(inherited)";
				SWIFT_OPTIMIZATION_LEVEL = "-Onone";
			};
			name = "Debug-Prod";
		};
		C9EC36DF2E0A48D200B62165 /* Debug-Prod */ = {
			isa = XCBuildConfiguration;
			baseConfigurationReference = C9EC36E42E0A49D100B62165 /* Prod.xcconfig */;
			buildSettings = {
				ASSETCATALOG_COMPILER_APPICON_NAME = AppIcon;
				ASSETCATALOG_COMPILER_GLOBAL_ACCENT_COLOR_NAME = AccentColor;
				CODE_SIGN_STYLE = Automatic;
				CURRENT_PROJECT_VERSION = 1;
				DEVELOPMENT_ASSET_PATHS = "\"InfiniteTrack/Preview Content\"";
				DEVELOPMENT_TEAM = DFF5WS246X;
				ENABLE_PREVIEWS = YES;
				GENERATE_INFOPLIST_FILE = YES;
				INFOPLIST_FILE = InfiniteTrack/Info.plist;
				INFOPLIST_KEY_UIApplicationSceneManifest_Generation = YES;
				INFOPLIST_KEY_UIApplicationSupportsIndirectInputEvents = YES;
				INFOPLIST_KEY_UILaunchScreen_Generation = YES;
				INFOPLIST_KEY_UISupportedInterfaceOrientations_iPad = "UIInterfaceOrientationPortrait UIInterfaceOrientationPortraitUpsideDown UIInterfaceOrientationLandscapeLeft UIInterfaceOrientationLandscapeRight";
				INFOPLIST_KEY_UISupportedInterfaceOrientations_iPhone = "UIInterfaceOrientationPortrait UIInterfaceOrientationLandscapeLeft UIInterfaceOrientationLandscapeRight";
				IPHONEOS_DEPLOYMENT_TARGET = 18.0;
				LD_RUNPATH_SEARCH_PATHS = (
					"$(inherited)",
					"@executable_path/Frameworks",
				);
				MARKETING_VERSION = 1.0;
				PRODUCT_BUNDLE_IDENTIFIER = com.codeurfuture.InfiniteTrack;
				PRODUCT_NAME = "$(TARGET_NAME)";
				SWIFT_EMIT_LOC_STRINGS = YES;
				SWIFT_VERSION = 5.0;
				TARGETED_DEVICE_FAMILY = "1,2";
			};
			name = "Debug-Prod";
		};
		C9EC36E02E0A48E600B62165 /* Release-Prod */ = {
			isa = XCBuildConfiguration;
			baseConfigurationReference = C9EC36E42E0A49D100B62165 /* Prod.xcconfig */;
			buildSettings = {
				ALWAYS_SEARCH_USER_PATHS = NO;
				ASSETCATALOG_COMPILER_GENERATE_SWIFT_ASSET_SYMBOL_EXTENSIONS = YES;
				CLANG_ANALYZER_NONNULL = YES;
				CLANG_ANALYZER_NUMBER_OBJECT_CONVERSION = YES_AGGRESSIVE;
				CLANG_CXX_LANGUAGE_STANDARD = "gnu++20";
				CLANG_ENABLE_MODULES = YES;
				CLANG_ENABLE_OBJC_ARC = YES;
				CLANG_ENABLE_OBJC_WEAK = YES;
				CLANG_WARN_BLOCK_CAPTURE_AUTORELEASING = YES;
				CLANG_WARN_BOOL_CONVERSION = YES;
				CLANG_WARN_COMMA = YES;
				CLANG_WARN_CONSTANT_CONVERSION = YES;
				CLANG_WARN_DEPRECATED_OBJC_IMPLEMENTATIONS = YES;
				CLANG_WARN_DIRECT_OBJC_ISA_USAGE = YES_ERROR;
				CLANG_WARN_DOCUMENTATION_COMMENTS = YES;
				CLANG_WARN_EMPTY_BODY = YES;
				CLANG_WARN_ENUM_CONVERSION = YES;
				CLANG_WARN_INFINITE_RECURSION = YES;
				CLANG_WARN_INT_CONVERSION = YES;
				CLANG_WARN_NON_LITERAL_NULL_CONVERSION = YES;
				CLANG_WARN_OBJC_IMPLICIT_RETAIN_SELF = YES;
				CLANG_WARN_OBJC_LITERAL_CONVERSION = YES;
				CLANG_WARN_OBJC_ROOT_CLASS = YES_ERROR;
				CLANG_WARN_QUOTED_INCLUDE_IN_FRAMEWORK_HEADER = YES;
				CLANG_WARN_RANGE_LOOP_ANALYSIS = YES;
				CLANG_WARN_STRICT_PROTOTYPES = YES;
				CLANG_WARN_SUSPICIOUS_MOVE = YES;
				CLANG_WARN_UNGUARDED_AVAILABILITY = YES_AGGRESSIVE;
				CLANG_WARN_UNREACHABLE_CODE = YES;
				CLANG_WARN__DUPLICATE_METHOD_MATCH = YES;
				COPY_PHASE_STRIP = NO;
				DEBUG_INFORMATION_FORMAT = "dwarf-with-dsym";
				ENABLE_NS_ASSERTIONS = NO;
				ENABLE_STRICT_OBJC_MSGSEND = YES;
				ENABLE_USER_SCRIPT_SANDBOXING = YES;
				GCC_C_LANGUAGE_STANDARD = gnu17;
				GCC_NO_COMMON_BLOCKS = YES;
				GCC_WARN_64_TO_32_BIT_CONVERSION = YES;
				GCC_WARN_ABOUT_RETURN_TYPE = YES_ERROR;
				GCC_WARN_UNDECLARED_SELECTOR = YES;
				GCC_WARN_UNINITIALIZED_AUTOS = YES_AGGRESSIVE;
				GCC_WARN_UNUSED_FUNCTION = YES;
				GCC_WARN_UNUSED_VARIABLE = YES;
				IPHONEOS_DEPLOYMENT_TARGET = 17.0;
				LOCALIZATION_PREFERS_STRING_CATALOGS = YES;
				MTL_ENABLE_DEBUG_INFO = NO;
				MTL_FAST_MATH = YES;
				SDKROOT = iphoneos;
				SWIFT_COMPILATION_MODE = wholemodule;
				VALIDATE_PRODUCT = YES;
			};
			name = "Release-Prod";
		};
		C9EC36E12E0A48E600B62165 /* Release-Prod */ = {
			isa = XCBuildConfiguration;
			baseConfigurationReference = C9EC36E42E0A49D100B62165 /* Prod.xcconfig */;
			buildSettings = {
				ASSETCATALOG_COMPILER_APPICON_NAME = AppIcon;
				ASSETCATALOG_COMPILER_GLOBAL_ACCENT_COLOR_NAME = AccentColor;
				CODE_SIGN_STYLE = Automatic;
				CURRENT_PROJECT_VERSION = 1;
				DEVELOPMENT_ASSET_PATHS = "\"InfiniteTrack/Preview Content\"";
				DEVELOPMENT_TEAM = DFF5WS246X;
				ENABLE_PREVIEWS = YES;
				GENERATE_INFOPLIST_FILE = YES;
				INFOPLIST_FILE = InfiniteTrack/Info.plist;
				INFOPLIST_KEY_UIApplicationSceneManifest_Generation = YES;
				INFOPLIST_KEY_UIApplicationSupportsIndirectInputEvents = YES;
				INFOPLIST_KEY_UILaunchScreen_Generation = YES;
				INFOPLIST_KEY_UISupportedInterfaceOrientations_iPad = "UIInterfaceOrientationPortrait UIInterfaceOrientationPortraitUpsideDown UIInterfaceOrientationLandscapeLeft UIInterfaceOrientationLandscapeRight";
				INFOPLIST_KEY_UISupportedInterfaceOrientations_iPhone = "UIInterfaceOrientationPortrait UIInterfaceOrientationLandscapeLeft UIInterfaceOrientationLandscapeRight";
				IPHONEOS_DEPLOYMENT_TARGET = 18.0;
				LD_RUNPATH_SEARCH_PATHS = (
					"$(inherited)",
					"@executable_path/Frameworks",
				);
				MARKETING_VERSION = 1.0;
				PRODUCT_BUNDLE_IDENTIFIER = com.codeurfuture.InfiniteTrack;
				PRODUCT_NAME = "$(TARGET_NAME)";
				SWIFT_EMIT_LOC_STRINGS = YES;
				SWIFT_VERSION = 5.0;
				TARGETED_DEVICE_FAMILY = "1,2";
			};
			name = "Release-Prod";
		};
/* End XCBuildConfiguration section */

/* Begin XCConfigurationList section */
		C9B8DEC12CA51293006F4B66 /* Build configuration list for PBXProject "InfiniteTrack" */ = {
			isa = XCConfigurationList;
			buildConfigurations = (
				C9B8DED22CA51294006F4B66 /* Debug */,
				C9EC36DE2E0A48D200B62165 /* Debug-Prod */,
				C9B8DED32CA51294006F4B66 /* Release */,
				C9EC36E02E0A48E600B62165 /* Release-Prod */,
			);
			defaultConfigurationIsVisible = 0;
			defaultConfigurationName = Release;
		};
		C9B8DED42CA51294006F4B66 /* Build configuration list for PBXNativeTarget "InfiniteTrack" */ = {
			isa = XCConfigurationList;
			buildConfigurations = (
				C9B8DED52CA51294006F4B66 /* Debug */,
				C9EC36DF2E0A48D200B62165 /* Debug-Prod */,
				C9B8DED62CA51294006F4B66 /* Release */,
				C9EC36E12E0A48E600B62165 /* Release-Prod */,
			);
			defaultConfigurationIsVisible = 0;
			defaultConfigurationName = Release;
		};
/* End XCConfigurationList section */

/* Begin XCRemoteSwiftPackageReference section */
		C98C09E32DE96D2F000D6E8B /* XCRemoteSwiftPackageReference "Alamofire" */ = {
			isa = XCRemoteSwiftPackageReference;
			repositoryURL = "https://github.com/Alamofire/Alamofire.git";
			requirement = {
				kind = upToNextMajorVersion;
				minimumVersion = 5.10.2;
			};
		};
/* End XCRemoteSwiftPackageReference section */

/* Begin XCSwiftPackageProductDependency section */
		C98C09E42DE96D2F000D6E8B /* Alamofire */ = {
			isa = XCSwiftPackageProductDependency;
			package = C98C09E32DE96D2F000D6E8B /* XCRemoteSwiftPackageReference "Alamofire" */;
			productName = Alamofire;
		};
/* End XCSwiftPackageProductDependency section */
	};
	rootObject = C9B8DEBE2CA51293006F4B66 /* Project object */;
}
